// !$*UTF8*$!
{
	archiveVersion = 1;
	classes = {
	};
	objectVersion = 46;
	objects = {

/* Begin PBXBuildFile section */
		4913559C1B7043A800EF3F50 /* AppDelegate.swift in Sources */ = {isa = PBXBuildFile; fileRef = 4913559B1B7043A800EF3F50 /* AppDelegate.swift */; };
		4913559F1B7043A800EF3F50 /* ExchangeAGram.xcdatamodeld in Sources */ = {isa = PBXBuildFile; fileRef = 4913559D1B7043A800EF3F50 /* ExchangeAGram.xcdatamodeld */; };
		491355A41B7043A800EF3F50 /* Main.storyboard in Resources */ = {isa = PBXBuildFile; fileRef = 491355A21B7043A800EF3F50 /* Main.storyboard */; };
		491355A61B7043A800EF3F50 /* Images.xcassets in Resources */ = {isa = PBXBuildFile; fileRef = 491355A51B7043A800EF3F50 /* Images.xcassets */; };
		491355A91B7043A800EF3F50 /* LaunchScreen.xib in Resources */ = {isa = PBXBuildFile; fileRef = 491355A71B7043A800EF3F50 /* LaunchScreen.xib */; };
		491355B51B7043A800EF3F50 /* ExchangeAGramTests.swift in Sources */ = {isa = PBXBuildFile; fileRef = 491355B41B7043A800EF3F50 /* ExchangeAGramTests.swift */; };
		491355C31B7047D600EF3F50 /* FeedViewController.swift in Sources */ = {isa = PBXBuildFile; fileRef = 491355C21B7047D600EF3F50 /* FeedViewController.swift */; };
/* End PBXBuildFile section */

/* Begin PBXContainerItemProxy section */
		491355AF1B7043A800EF3F50 /* PBXContainerItemProxy */ = {
			isa = PBXContainerItemProxy;
			containerPortal = 4913558E1B7043A800EF3F50 /* Project object */;
			proxyType = 1;
			remoteGlobalIDString = 491355951B7043A800EF3F50;
			remoteInfo = ExchangeAGram;
		};
/* End PBXContainerItemProxy section */

/* Begin PBXFileReference section */
		491355961B7043A800EF3F50 /* ExchangeAGram.app */ = {isa = PBXFileReference; explicitFileType = wrapper.application; includeInIndex = 0; path = ExchangeAGram.app; sourceTree = BUILT_PRODUCTS_DIR; };
		4913559A1B7043A800EF3F50 /* Info.plist */ = {isa = PBXFileReference; lastKnownFileType = text.plist.xml; path = Info.plist; sourceTree = "<group>"; };
		4913559B1B7043A800EF3F50 /* AppDelegate.swift */ = {isa = PBXFileReference; lastKnownFileType = sourcecode.swift; path = AppDelegate.swift; sourceTree = "<group>"; };
		4913559E1B7043A800EF3F50 /* ExchangeAGram.xcdatamodel */ = {isa = PBXFileReference; lastKnownFileType = wrapper.xcdatamodel; path = ExchangeAGram.xcdatamodel; sourceTree = "<group>"; };
		491355A31B7043A800EF3F50 /* Base */ = {isa = PBXFileReference; lastKnownFileType = file.storyboard; name = Base; path = Base.lproj/Main.storyboard; sourceTree = "<group>"; };
		491355A51B7043A800EF3F50 /* Images.xcassets */ = {isa = PBXFileReference; lastKnownFileType = folder.assetcatalog; path = Images.xcassets; sourceTree = "<group>"; };
		491355A81B7043A800EF3F50 /* Base */ = {isa = PBXFileReference; lastKnownFileType = file.xib; name = Base; path = Base.lproj/LaunchScreen.xib; sourceTree = "<group>"; };
		491355AE1B7043A800EF3F50 /* ExchangeAGramTests.xctest */ = {isa = PBXFileReference; explicitFileType = wrapper.cfbundle; includeInIndex = 0; path = ExchangeAGramTests.xctest; sourceTree = BUILT_PRODUCTS_DIR; };
		491355B31B7043A800EF3F50 /* Info.plist */ = {isa = PBXFileReference; lastKnownFileType = text.plist.xml; path = Info.plist; sourceTree = "<group>"; };
		491355B41B7043A800EF3F50 /* ExchangeAGramTests.swift */ = {isa = PBXFileReference; lastKnownFileType = sourcecode.swift; path = ExchangeAGramTests.swift; sourceTree = "<group>"; };
		491355C21B7047D600EF3F50 /* FeedViewController.swift */ = {isa = PBXFileReference; fileEncoding = 4; lastKnownFileType = sourcecode.swift; path = FeedViewController.swift; sourceTree = "<group>"; };
/* End PBXFileReference section */

/* Begin PBXFrameworksBuildPhase section */
		491355931B7043A800EF3F50 /* Frameworks */ = {
			isa = PBXFrameworksBuildPhase;
			buildActionMask = 2147483647;
			files = (
			);
			runOnlyForDeploymentPostprocessing = 0;
		};
		491355AB1B7043A800EF3F50 /* Frameworks */ = {
			isa = PBXFrameworksBuildPhase;
			buildActionMask = 2147483647;
			files = (
			);
			runOnlyForDeploymentPostprocessing = 0;
		};
/* End PBXFrameworksBuildPhase section */

/* Begin PBXGroup section */
		4913558D1B7043A800EF3F50 = {
			isa = PBXGroup;
			children = (
				491355981B7043A800EF3F50 /* ExchangeAGram */,
				491355B11B7043A800EF3F50 /* ExchangeAGramTests */,
				491355971B7043A800EF3F50 /* Products */,
			);
			sourceTree = "<group>";
		};
		491355971B7043A800EF3F50 /* Products */ = {
			isa = PBXGroup;
			children = (
				491355961B7043A800EF3F50 /* ExchangeAGram.app */,
				491355AE1B7043A800EF3F50 /* ExchangeAGramTests.xctest */,
			);
			name = Products;
			sourceTree = "<group>";
		};
		491355981B7043A800EF3F50 /* ExchangeAGram */ = {
			isa = PBXGroup;
			children = (
				491355C21B7047D600EF3F50 /* FeedViewController.swift */,
				4913559B1B7043A800EF3F50 /* AppDelegate.swift */,
				491355A21B7043A800EF3F50 /* Main.storyboard */,
				491355A51B7043A800EF3F50 /* Images.xcassets */,
				491355A71B7043A800EF3F50 /* LaunchScreen.xib */,
				4913559D1B7043A800EF3F50 /* ExchangeAGram.xcdatamodeld */,
				491355991B7043A800EF3F50 /* Supporting Files */,
			);
			path = ExchangeAGram;
			sourceTree = "<group>";
		};
		491355991B7043A800EF3F50 /* Supporting Files */ = {
			isa = PBXGroup;
			children = (
				4913559A1B7043A800EF3F50 /* Info.plist */,
			);
			name = "Supporting Files";
			sourceTree = "<group>";
		};
		491355B11B7043A800EF3F50 /* ExchangeAGramTests */ = {
			isa = PBXGroup;
			children = (
				491355B41B7043A800EF3F50 /* ExchangeAGramTests.swift */,
				491355B21B7043A800EF3F50 /* Supporting Files */,
			);
			path = ExchangeAGramTests;
			sourceTree = "<group>";
		};
		491355B21B7043A800EF3F50 /* Supporting Files */ = {
			isa = PBXGroup;
			children = (
				491355B31B7043A800EF3F50 /* Info.plist */,
			);
			name = "Supporting Files";
			sourceTree = "<group>";
		};
/* End PBXGroup section */

/* Begin PBXNativeTarget section */
		491355951B7043A800EF3F50 /* ExchangeAGram */ = {
			isa = PBXNativeTarget;
			buildConfigurationList = 491355B81B7043A800EF3F50 /* Build configuration list for PBXNativeTarget "ExchangeAGram" */;
			buildPhases = (
				491355921B7043A800EF3F50 /* Sources */,
				491355931B7043A800EF3F50 /* Frameworks */,
				491355941B7043A800EF3F50 /* Resources */,
			);
			buildRules = (
			);
			dependencies = (
			);
			name = ExchangeAGram;
			productName = ExchangeAGram;
			productReference = 491355961B7043A800EF3F50 /* ExchangeAGram.app */;
			productType = "com.apple.product-type.application";
		};
		491355AD1B7043A800EF3F50 /* ExchangeAGramTests */ = {
			isa = PBXNativeTarget;
			buildConfigurationList = 491355BB1B7043A800EF3F50 /* Build configuration list for PBXNativeTarget "ExchangeAGramTests" */;
			buildPhases = (
				491355AA1B7043A800EF3F50 /* Sources */,
				491355AB1B7043A800EF3F50 /* Frameworks */,
				491355AC1B7043A800EF3F50 /* Resources */,
			);
			buildRules = (
			);
			dependencies = (
				491355B01B7043A800EF3F50 /* PBXTargetDependency */,
			);
			name = ExchangeAGramTests;
			productName = ExchangeAGramTests;
			productReference = 491355AE1B7043A800EF3F50 /* ExchangeAGramTests.xctest */;
			productType = "com.apple.product-type.bundle.unit-test";
		};
/* End PBXNativeTarget section */

/* Begin PBXProject section */
		4913558E1B7043A800EF3F50 /* Project object */ = {
			isa = PBXProject;
			attributes = {
				LastUpgradeCheck = 0640;
				ORGANIZATIONNAME = Technolopy;
				TargetAttributes = {
					491355951B7043A800EF3F50 = {
						CreatedOnToolsVersion = 6.4;
					};
					491355AD1B7043A800EF3F50 = {
						CreatedOnToolsVersion = 6.4;
						TestTargetID = 491355951B7043A800EF3F50;
					};
				};
			};
			buildConfigurationList = 491355911B7043A800EF3F50 /* Build configuration list for PBXProject "ExchangeAGram" */;
			compatibilityVersion = "Xcode 3.2";
			developmentRegion = English;
			hasScannedForEncodings = 0;
			knownRegions = (
				en,
				Base,
			);
			mainGroup = 4913558D1B7043A800EF3F50;
			productRefGroup = 491355971B7043A800EF3F50 /* Products */;
			projectDirPath = "";
			projectRoot = "";
			targets = (
				491355951B7043A800EF3F50 /* ExchangeAGram */,
				491355AD1B7043A800EF3F50 /* ExchangeAGramTests */,
			);
		};
/* End PBXProject section */

/* Begin PBXResourcesBuildPhase section */
		491355941B7043A800EF3F50 /* Resources */ = {
			isa = PBXResourcesBuildPhase;
			buildActionMask = 2147483647;
			files = (
				491355A41B7043A800EF3F50 /* Main.storyboard in Resources */,
				491355A91B7043A800EF3F50 /* LaunchScreen.xib in Resources */,
				491355A61B7043A800EF3F50 /* Images.xcassets in Resources */,
			);
			runOnlyForDeploymentPostprocessing = 0;
		};
		491355AC1B7043A800EF3F50 /* Resources */ = {
			isa = PBXResourcesBuildPhase;
			buildActionMask = 2147483647;
			files = (
			);
			runOnlyForDeploymentPostprocessing = 0;
		};
/* End PBXResourcesBuildPhase section */

/* Begin PBXSourcesBuildPhase section */
		491355921B7043A800EF3F50 /* Sources */ = {
			isa = PBXSourcesBuildPhase;
			buildActionMask = 2147483647;
			files = (
				4913559C1B7043A800EF3F50 /* AppDelegate.swift in Sources */,
				491355C31B7047D600EF3F50 /* FeedViewController.swift in Sources */,
				4913559F1B7043A800EF3F50 /* ExchangeAGram.xcdatamodeld in Sources */,
			);
			runOnlyForDeploymentPostprocessing = 0;
		};
		491355AA1B7043A800EF3F50 /* Sources */ = {
			isa = PBXSourcesBuildPhase;
			buildActionMask = 2147483647;
			files = (
				491355B51B7043A800EF3F50 /* ExchangeAGramTests.swift in Sources */,
			);
			runOnlyForDeploymentPostprocessing = 0;
		};
/* End PBXSourcesBuildPhase section */

/* Begin PBXTargetDependency section */
		491355B01B7043A800EF3F50 /* PBXTargetDependency */ = {
			isa = PBXTargetDependency;
			target = 491355951B7043A800EF3F50 /* ExchangeAGram */;
			targetProxy = 491355AF1B7043A800EF3F50 /* PBXContainerItemProxy */;
		};
/* End PBXTargetDependency section */

/* Begin PBXVariantGroup section */
		491355A21B7043A800EF3F50 /* Main.storyboard */ = {
			isa = PBXVariantGroup;
			children = (
				491355A31B7043A800EF3F50 /* Base */,
			);
			name = Main.storyboard;
			sourceTree = "<group>";
		};
		491355A71B7043A800EF3F50 /* LaunchScreen.xib */ = {
			isa = PBXVariantGroup;
			children = (
				491355A81B7043A800EF3F50 /* Base */,
			);
			name = LaunchScreen.xib;
			sourceTree = "<group>";
		};
/* End PBXVariantGroup section */

/* Begin XCBuildConfiguration section */
		491355B61B7043A800EF3F50 /* Debug */ = {
			isa = XCBuildConfiguration;
			buildSettings = {
				ALWAYS_SEARCH_USER_PATHS = NO;
				CLANG_CXX_LANGUAGE_STANDARD = "gnu++0x";
				CLANG_CXX_LIBRARY = "libc++";
				CLANG_ENABLE_MODULES = YES;
				CLANG_ENABLE_OBJC_ARC = YES;
				CLANG_WARN_BOOL_CONVERSION = YES;
				CLANG_WARN_CONSTANT_CONVERSION = YES;
				CLANG_WARN_DIRECT_OBJC_ISA_USAGE = YES_ERROR;
				CLANG_WARN_EMPTY_BODY = YES;
				CLANG_WARN_ENUM_CONVERSION = YES;
				CLANG_WARN_INT_CONVERSION = YES;
				CLANG_WARN_OBJC_ROOT_CLASS = YES_ERROR;
				CLANG_WARN_UNREACHABLE_CODE = YES;
				CLANG_WARN__DUPLICATE_METHOD_MATCH = YES;
				"CODE_SIGN_IDENTITY[sdk=iphoneos*]" = "iPhone Developer";
				COPY_PHASE_STRIP = NO;
				DEBUG_INFORMATION_FORMAT = "dwarf-with-dsym";
				ENABLE_STRICT_OBJC_MSGSEND = YES;
				GCC_C_LANGUAGE_STANDARD = gnu99;
				GCC_DYNAMIC_NO_PIC = NO;
				GCC_NO_COMMON_BLOCKS = YES;
				GCC_OPTIMIZATION_LEVEL = 0;
				GCC_PREPROCESSOR_DEFINITIONS = (
					"DEBUG=1",
					"$(inherited)",
				);
				GCC_SYMBOLS_PRIVATE_EXTERN = NO;
				GCC_WARN_64_TO_32_BIT_CONVERSION = YES;
				GCC_WARN_ABOUT_RETURN_TYPE = YES_ERROR;
				GCC_WARN_UNDECLARED_SELECTOR = YES;
				GCC_WARN_UNINITIALIZED_AUTOS = YES_AGGRESSIVE;
				GCC_WARN_UNUSED_FUNCTION = YES;
				GCC_WARN_UNUSED_VARIABLE = YES;
				IPHONEOS_DEPLOYMENT_TARGET = 8.4;
				MTL_ENABLE_DEBUG_INFO = YES;
				ONLY_ACTIVE_ARCH = YES;
				SDKROOT = iphoneos;
				SWIFT_OPTIMIZATION_LEVEL = "-Onone";
				TARGETED_DEVICE_FAMILY = "1,2";
			};
			name = Debug;
		};
		491355B71B7043A800EF3F50 /* Release */ = {
			isa = XCBuildConfiguration;
			buildSettings = {
				ALWAYS_SEARCH_USER_PATHS = NO;
				CLANG_CXX_LANGUAGE_STANDARD = "gnu++0x";
				CLANG_CXX_LIBRARY = "libc++";
				CLANG_ENABLE_MODULES = YES;
				CLANG_ENABLE_OBJC_ARC = YES;
				CLANG_WARN_BOOL_CONVERSION = YES;
				CLANG_WARN_CONSTANT_CONVERSION = YES;
				CLANG_WARN_DIRECT_OBJC_ISA_USAGE = YES_ERROR;
				CLANG_WARN_EMPTY_BODY = YES;
				CLANG_WARN_ENUM_CONVERSION = YES;
				CLANG_WARN_INT_CONVERSION = YES;
				CLANG_WARN_OBJC_ROOT_CLASS = YES_ERROR;
				CLANG_WARN_UNREACHABLE_CODE = YES;
				CLANG_WARN__DUPLICATE_METHOD_MATCH = YES;
				"CODE_SIGN_IDENTITY[sdk=iphoneos*]" = "iPhone Developer";
				COPY_PHASE_STRIP = NO;
				DEBUG_INFORMATION_FORMAT = "dwarf-with-dsym";
				ENABLE_NS_ASSERTIONS = NO;
				ENABLE_STRICT_OBJC_MSGSEND = YES;
				GCC_C_LANGUAGE_STANDARD = gnu99;
				GCC_NO_COMMON_BLOCKS = YES;
				GCC_WARN_64_TO_32_BIT_CONVERSION = YES;
				GCC_WARN_ABOUT_RETURN_TYPE = YES_ERROR;
				GCC_WARN_UNDECLARED_SELECTOR = YES;
				GCC_WARN_UNINITIALIZED_AUTOS = YES_AGGRESSIVE;
				GCC_WARN_UNUSED_FUNCTION = YES;
				GCC_WARN_UNUSED_VARIABLE = YES;
				IPHONEOS_DEPLOYMENT_TARGET = 8.4;
				MTL_ENABLE_DEBUG_INFO = NO;
				SDKROOT = iphoneos;
				TARGETED_DEVICE_FAMILY = "1,2";
				VALIDATE_PRODUCT = YES;
			};
			name = Release;
		};
		491355B91B7043A800EF3F50 /* Debug */ = {
			isa = XCBuildConfiguration;
			buildSettings = {
				ASSETCATALOG_COMPILER_APPICON_NAME = AppIcon;
				INFOPLIST_FILE = ExchangeAGram/Info.plist;
				LD_RUNPATH_SEARCH_PATHS = "$(inherited) @executable_path/Frameworks";
				PRODUCT_NAME = "$(TARGET_NAME)";
			};
			name = Debug;
		};
		491355BA1B7043A800EF3F50 /* Release */ = {
			isa = XCBuildConfiguration;
			buildSettings = {
				ASSETCATALOG_COMPILER_APPICON_NAME = AppIcon;
				INFOPLIST_FILE = ExchangeAGram/Info.plist;
				LD_RUNPATH_SEARCH_PATHS = "$(inherited) @executable_path/Frameworks";
				PRODUCT_NAME = "$(TARGET_NAME)";
			};
			name = Release;
		};
		491355BC1B7043A800EF3F50 /* Debug */ = {
			isa = XCBuildConfiguration;
			buildSettings = {
				BUNDLE_LOADER = "$(TEST_HOST)";
				FRAMEWORK_SEARCH_PATHS = (
					"$(SDKROOT)/Developer/Library/Frameworks",
					"$(inherited)",
				);
				GCC_PREPROCESSOR_DEFINITIONS = (
					"DEBUG=1",
					"$(inherited)",
				);
				INFOPLIST_FILE = ExchangeAGramTests/Info.plist;
				LD_RUNPATH_SEARCH_PATHS = "$(inherited) @executable_path/Frameworks @loader_path/Frameworks";
				PRODUCT_NAME = "$(TARGET_NAME)";
				TEST_HOST = "$(BUILT_PRODUCTS_DIR)/ExchangeAGram.app/ExchangeAGram";
			};
			name = Debug;
		};
		491355BD1B7043A800EF3F50 /* Release */ = {
			isa = XCBuildConfiguration;
			buildSettings = {
				BUNDLE_LOADER = "$(TEST_HOST)";
				FRAMEWORK_SEARCH_PATHS = (
					"$(SDKROOT)/Developer/Library/Frameworks",
					"$(inherited)",
				);
				INFOPLIST_FILE = ExchangeAGramTests/Info.plist;
				LD_RUNPATH_SEARCH_PATHS = "$(inherited) @executable_path/Frameworks @loader_path/Frameworks";
				PRODUCT_NAME = "$(TARGET_NAME)";
				TEST_HOST = "$(BUILT_PRODUCTS_DIR)/ExchangeAGram.app/ExchangeAGram";
			};
			name = Release;
		};
/* End XCBuildConfiguration section */

/* Begin XCConfigurationList section */
		491355911B7043A800EF3F50 /* Build configuration list for PBXProject "ExchangeAGram" */ = {
			isa = XCConfigurationList;
			buildConfigurations = (
				491355B61B7043A800EF3F50 /* Debug */,
				491355B71B7043A800EF3F50 /* Release */,
			);
			defaultConfigurationIsVisible = 0;
			defaultConfigurationName = Release;
		};
		491355B81B7043A800EF3F50 /* Build configuration list for PBXNativeTarget "ExchangeAGram" */ = {
			isa = XCConfigurationList;
			buildConfigurations = (
				491355B91B7043A800EF3F50 /* Debug */,
				491355BA1B7043A800EF3F50 /* Release */,
			);
			defaultConfigurationIsVisible = 0;
		};
		491355BB1B7043A800EF3F50 /* Build configuration list for PBXNativeTarget "ExchangeAGramTests" */ = {
			isa = XCConfigurationList;
			buildConfigurations = (
				491355BC1B7043A800EF3F50 /* Debug */,
				491355BD1B7043A800EF3F50 /* Release */,
			);
			defaultConfigurationIsVisible = 0;
		};
/* End XCConfigurationList section */

/* Begin XCVersionGroup section */
		4913559D1B7043A800EF3F50 /* ExchangeAGram.xcdatamodeld */ = {
			isa = XCVersionGroup;
			children = (
				4913559E1B7043A800EF3F50 /* ExchangeAGram.xcdatamodel */,
			);
			currentVersion = 4913559E1B7043A800EF3F50 /* ExchangeAGram.xcdatamodel */;
			path = ExchangeAGram.xcdatamodeld;
			sourceTree = "<group>";
			versionGroupType = wrapper.xcdatamodel;
		};
/* End XCVersionGroup section */
	};
	rootObject = 4913558E1B7043A800EF3F50 /* Project object */;
}
